
Microsoft Visual Studio Solution File, Format Version 12.00
# Visual Studio Version 17
VisualStudioVersion = 17.12.35323.107
MinimumVisualStudioVersion = 10.0.40219.1
Project("{FAE04EC0-301F-11D3-BF4B-00C04F79EFBC}") = "NotifyIconTest", "NotifyIconTest\NotifyIconTest.csproj", "{47C66414-E01C-42F1-B6C9-564D3034427E}"
EndProject
Global
	GlobalSection(SolutionConfigurationPlatforms) = preSolution
		Debug|Any CPU = Debug|Any CPU
		Release|Any CPU = Release|Any CPU
	EndGlobalSection
	GlobalSection(ProjectConfigurationPlatforms) = postSolution
		{47C66414-E01C-42F1-B6C9-564D3034427E}.Debug|Any CPU.ActiveCfg = Debug|Any CPU
		{47C66414-E01C-42F1-B6C9-564D3034427E}.Debug|Any CPU.Build.0 = Debug|Any CPU
		{47C66414-E01C-42F1-B6C9-564D3034427E}.Release|Any CPU.ActiveCfg = Release|Any CPU
		{47C66414-E01C-42F1-B6C9-564D3034427E}.Release|Any CPU.Build.0 = Release|Any CPU
	EndGlobalSection
	GlobalSection(SolutionProperties) = preSolution
		HideSolutionNode = FALSE
	EndGlobalSection
	GlobalSection(ExtensibilityGlobals) = postSolution
		SolutionGuid = {2917FB45-8597-471E-BC53-DAA7958384E3}
	EndGlobalSection
EndGlobal
